
Microsoft Visual Studio Solution File, Format Version 12.00
# Visual Studio 14
VisualStudioVersion = 14.0.25420.1
MinimumVisualStudioVersion = 10.0.40219.1
Project("{FAE04EC0-301F-11D3-BF4B-00C04F79EFBC}") = "PhotographyWorkshops.Models", "PhotographyWorkshops.Models\PhotographyWorkshops.Models.csproj", "{618668B3-3A67-4862-8ECF-B95B36D3B379}"
EndProject
Project("{FAE04EC0-301F-11D3-BF4B-00C04F79EFBC}") = "PhotographyWorkshops.Data", "PhotographyWorkshops.Data\PhotographyWorkshops.Data.csproj", "{1197DB5F-694D-4041-A999-E094488DA490}"
EndProject
Project("{FAE04EC0-301F-11D3-BF4B-00C04F79EFBC}") = "PhotographyWorkshops.Application", "PhotographyWorkshops.Application\PhotographyWorkshops.Application.csproj", "{A6A565EA-C1E8-4096-8DE9-E4B03284D880}"
EndProject
Global
	GlobalSection(SolutionConfigurationPlatforms) = preSolution
		Debug|Any CPU = Debug|Any CPU
		Release|Any CPU = Release|Any CPU
	EndGlobalSection
	GlobalSection(ProjectConfigurationPlatforms) = postSolution
		{618668B3-3A67-4862-8ECF-B95B36D3B379}.Debug|Any CPU.ActiveCfg = Debug|Any CPU
		{618668B3-3A67-4862-8ECF-B95B36D3B379}.Debug|Any CPU.Build.0 = Debug|Any CPU
		{618668B3-3A67-4862-8ECF-B95B36D3B379}.Release|Any CPU.ActiveCfg = Release|Any CPU
		{618668B3-3A67-4862-8ECF-B95B36D3B379}.Release|Any CPU.Build.0 = Release|Any CPU
		{1197DB5F-694D-4041-A999-E094488DA490}.Debug|Any CPU.ActiveCfg = Debug|Any CPU
		{1197DB5F-694D-4041-A999-E094488DA490}.Debug|Any CPU.Build.0 = Debug|Any CPU
		{1197DB5F-694D-4041-A999-E094488DA490}.Release|Any CPU.ActiveCfg = Release|Any CPU
		{1197DB5F-694D-4041-A999-E094488DA490}.Release|Any CPU.Build.0 = Release|Any CPU
		{A6A565EA-C1E8-4096-8DE9-E4B03284D880}.Debug|Any CPU.ActiveCfg = Debug|Any CPU
		{A6A565EA-C1E8-4096-8DE9-E4B03284D880}.Debug|Any CPU.Build.0 = Debug|Any CPU
		{A6A565EA-C1E8-4096-8DE9-E4B03284D880}.Release|Any CPU.ActiveCfg = Release|Any CPU
		{A6A565EA-C1E8-4096-8DE9-E4B03284D880}.Release|Any CPU.Build.0 = Release|Any CPU
	EndGlobalSection
	GlobalSection(SolutionProperties) = preSolution
		HideSolutionNode = FALSE
	EndGlobalSection
EndGlobal
